<?xml version="1.0" encoding="utf-8"?>
<Project ToolsVersion="4.0" xmlns="http://schemas.microsoft.com/developer/msbuild/2003">
  <ItemGroup>
    <ClCompile Include="main.cpp" />
    <ClCompile Include="Camera.cpp">
      <Filter>Camera</Filter>
    </ClCompile>
    <ClCompile Include="InputDevice.cpp">
      <Filter>Input</Filter>
    </ClCompile>
    <ClCompile Include="Keyboard.cpp">
      <Filter>Input\Keyboard</Filter>
    </ClCompile>
    <ClCompile Include="Joystick.cpp">
      <Filter>Input\Joystick</Filter>
    </ClCompile>
    <ClCompile Include="Mouse.cpp">
      <Filter>Input\Mouse</Filter>
    </ClCompile>
    <ClCompile Include="Sprite.cpp">
      <Filter>Sprite</Filter>
    </ClCompile>
    <ClCompile Include="WinSystem.cpp">
      <Filter>System</Filter>
    </ClCompile>
    <ClCompile Include="D3dSystem.cpp">
      <Filter>System</Filter>
    </ClCompile>
    <ClCompile Include="UISprite.cpp">
      <Filter>Sprite</Filter>
    </ClCompile>
    <ClCompile Include="TextureManager.cpp">
      <Filter>Sprite</Filter>
    </ClCompile>
    <ClCompile Include="CameraManager.cpp">
      <Filter>Camera</Filter>
    </ClCompile>
    <ClCompile Include="MusicManager.cpp">
      <Filter>Music</Filter>
    </ClCompile>
    <ClCompile Include="SceneManager.cpp">
      <Filter>Scene</Filter>
    </ClCompile>
    <ClCompile Include="SampleScene.cpp" />
    <ClCompile Include="TitleScene.cpp">
      <Filter>Scene\TitleScene</Filter>
    </ClCompile>
    <ClCompile Include="LoadManager.cpp">
      <Filter>Manager</Filter>
    </ClCompile>
    <ClCompile Include="GameScene.cpp">
      <Filter>Scene\GameScene</Filter>
    </ClCompile>
    <ClCompile Include="Objects.cpp">
      <Filter>Objects</Filter>
    </ClCompile>
    <ClCompile Include="ScriptQueueManager.cpp">
      <Filter>Manager</Filter>
    </ClCompile>
    <ClCompile Include="ScriptCommand.cpp">
      <Filter>ScriptCommand</Filter>
    </ClCompile>
    <ClCompile Include="Dialog.cpp">
      <Filter>Dialog</Filter>
    </ClCompile>
    <ClCompile Include="DialogManager.cpp">
      <Filter>Manager</Filter>
    </ClCompile>
    <ClCompile Include="ButtonManager.cpp">
      <Filter>Button</Filter>
    </ClCompile>
    <ClCompile Include="Dialog_Choice.cpp">
      <Filter>Dialog</Filter>
    </ClCompile>
    <ClCompile Include="Button.cpp">
      <Filter>Button</Filter>
    </ClCompile>
    <ClCompile Include="Objects_Ani.cpp">
      <Filter>Objects</Filter>
    </ClCompile>
    <ClCompile Include="DialogistAniManager.cpp">
      <Filter>Manager</Filter>
    </ClCompile>
    <ClCompile Include="ScriptCommand_Wait.cpp">
      <Filter>ScriptCommand\Wait</Filter>
    </ClCompile>
    <ClCompile Include="ScriptCommand_Say.cpp">
      <Filter>ScriptCommand\Say</Filter>
    </ClCompile>
    <ClCompile Include="ScriptCommand_Sound.cpp">
      <Filter>ScriptCommand\Sound</Filter>
    </ClCompile>
    <ClCompile Include="ScriptCommand_Load.cpp">
      <Filter>ScriptCommand\Load</Filter>
    </ClCompile>
    <ClCompile Include="ScriptCommand_Ani.cpp">
      <Filter>ScriptCommand\Ani</Filter>
    </ClCompile>
    <ClCompile Include="ScriptCommand_Choice.cpp">
      <Filter>ScriptCommand\Choice</Filter>
    </ClCompile>
    <ClCompile Include="ScriptCommand_Guest.cpp">
      <Filter>ScriptCommand\Guest</Filter>
    </ClCompile>
    <ClCompile Include="ScriptCommand_Radio.cpp">
      <Filter>ScriptCommand\Radio</Filter>
    </ClCompile>
    <ClCompile Include="EndingScene.cpp">
      <Filter>Scene\EndingScene</Filter>
    </ClCompile>
  </ItemGroup>
  <ItemGroup>
    <ClInclude Include="Singleton.h" />
    <ClInclude Include="Camera.h">
      <Filter>Camera</Filter>
    </ClInclude>
    <ClInclude Include="InputDevice.h">
      <Filter>Input</Filter>
    </ClInclude>
    <ClInclude Include="Keyboard.h">
      <Filter>Input\Keyboard</Filter>
    </ClInclude>
    <ClInclude Include="Joystick.h">
      <Filter>Input\Joystick</Filter>
    </ClInclude>
    <ClInclude Include="Mouse.h">
      <Filter>Input\Mouse</Filter>
    </ClInclude>
    <ClInclude Include="Sprite.h">
      <Filter>Sprite</Filter>
    </ClInclude>
    <ClInclude Include="WinSystem.h">
      <Filter>System</Filter>
    </ClInclude>
    <ClInclude Include="D3dSystem.h">
      <Filter>System</Filter>
    </ClInclude>
    <ClInclude Include="UISprite.h">
      <Filter>Sprite</Filter>
    </ClInclude>
    <ClInclude Include="TextureManager.h">
      <Filter>Sprite</Filter>
    </ClInclude>
    <ClInclude Include="D3dDevice.h">
      <Filter>System</Filter>
    </ClInclude>
    <ClInclude Include="CameraManager.h">
      <Filter>Camera</Filter>
    </ClInclude>
    <ClInclude Include="MusicManager.h">
      <Filter>Music</Filter>
    </ClInclude>
    <ClInclude Include="Scene.h">
      <Filter>Scene</Filter>
    </ClInclude>
    <ClInclude Include="SceneManager.h">
      <Filter>Scene</Filter>
    </ClInclude>
    <ClInclude Include="SampleScene.h" />
    <ClInclude Include="TitleScene.h">
      <Filter>Scene\TitleScene</Filter>
    </ClInclude>
    <ClInclude Include="LoadManager.h">
      <Filter>Manager</Filter>
    </ClInclude>
    <ClInclude Include="GameScene.h">
      <Filter>Scene\GameScene</Filter>
    </ClInclude>
    <ClInclude Include="Objects.h">
      <Filter>Objects</Filter>
    </ClInclude>
    <ClInclude Include="ScriptQueueManager.h">
      <Filter>Manager</Filter>
    </ClInclude>
    <ClInclude Include="ScriptCommand.h">
      <Filter>ScriptCommand</Filter>
    </ClInclude>
    <ClInclude Include="Dialog.h">
      <Filter>Dialog</Filter>
    </ClInclude>
    <ClInclude Include="DialogManager.h">
      <Filter>Manager</Filter>
    </ClInclude>
    <ClInclude Include="Dialogist.h">
      <Filter>Dialog</Filter>
    </ClInclude>
    <ClInclude Include="Button.h">
      <Filter>Button</Filter>
    </ClInclude>
    <ClInclude Include="ButtonManager.h">
      <Filter>Button</Filter>
    </ClInclude>
    <ClInclude Include="Dialog_Choice.h">
      <Filter>Dialog</Filter>
    </ClInclude>
    <ClInclude Include="Objects_Ani.h">
      <Filter>Objects</Filter>
    </ClInclude>
    <ClInclude Include="DialogistAniManager.h">
      <Filter>Manager</Filter>
    </ClInclude>
    <ClInclude Include="ScriptCommand_Wait.h">
      <Filter>ScriptCommand\Wait</Filter>
    </ClInclude>
    <ClInclude Include="ScriptCommand_Say.h">
      <Filter>ScriptCommand\Say</Filter>
    </ClInclude>
    <ClInclude Include="ScriptCommand_Sound.h">
      <Filter>ScriptCommand\Sound</Filter>
    </ClInclude>
    <ClInclude Include="ScriptCommand_Load.h">
      <Filter>ScriptCommand\Load</Filter>
    </ClInclude>
    <ClInclude Include="ScriptCommand_Ani.h">
      <Filter>ScriptCommand\Ani</Filter>
    </ClInclude>
    <ClInclude Include="ScriptCommand_Choice.h">
      <Filter>ScriptCommand\Choice</Filter>
    </ClInclude>
    <ClInclude Include="ScriptCommand_Guest.h">
      <Filter>ScriptCommand\Guest</Filter>
    </ClInclude>
    <ClInclude Include="ScriptCommand_Radio.h">
      <Filter>ScriptCommand\Radio</Filter>
    </ClInclude>
    <ClInclude Include="EndingScene.h">
      <Filter>Scene\EndingScene</Filter>
    </ClInclude>
  </ItemGroup>
  <ItemGroup>
    <Filter Include="Input">
      <UniqueIdentifier>{4ced6e0d-f5e9-4bf6-b17c-a5adb70956d1}</UniqueIdentifier>
    </Filter>
    <Filter Include="Camera">
      <UniqueIdentifier>{afaa3fdc-b837-41e6-9732-5e3b106d2e2a}</UniqueIdentifier>
    </Filter>
    <Filter Include="Sprite">
      <UniqueIdentifier>{a6ebb11c-4d13-4acf-b135-c7a60bd95b89}</UniqueIdentifier>
    </Filter>
    <Filter Include="System">
      <UniqueIdentifier>{b458d96c-cd47-42f0-8dce-17f4139ce764}</UniqueIdentifier>
    </Filter>
    <Filter Include="Input\Keyboard">
      <UniqueIdentifier>{a98dc42d-dfe3-4853-be59-a0f6e4dc2185}</UniqueIdentifier>
    </Filter>
    <Filter Include="Input\Joystick">
      <UniqueIdentifier>{567428eb-5b7e-4b87-9c03-b75fbddfbf9d}</UniqueIdentifier>
    </Filter>
    <Filter Include="Input\Mouse">
      <UniqueIdentifier>{da6eebf9-eaf7-4ba7-bc59-e83facc8b3b9}</UniqueIdentifier>
    </Filter>
    <Filter Include="Music">
      <UniqueIdentifier>{20f3370a-ac2e-4037-9d8c-c2dd436c93e7}</UniqueIdentifier>
    </Filter>
    <Filter Include="Scene">
      <UniqueIdentifier>{09e25e2d-2eaa-43b0-b1ef-6b3f56621ca4}</UniqueIdentifier>
    </Filter>
    <Filter Include="Scene\TitleScene">
      <UniqueIdentifier>{c186dd49-652b-4334-96aa-ae0b15b46a70}</UniqueIdentifier>
    </Filter>
    <Filter Include="Manager">
      <UniqueIdentifier>{081b0d9e-4aa4-4109-b40c-2bc01c33eabe}</UniqueIdentifier>
    </Filter>
    <Filter Include="Scene\GameScene">
      <UniqueIdentifier>{3f75181e-b079-458a-8482-7aedc6838196}</UniqueIdentifier>
    </Filter>
    <Filter Include="Objects">
      <UniqueIdentifier>{568c1521-f434-4eee-8957-98d92044d0ca}</UniqueIdentifier>
    </Filter>
    <Filter Include="ScriptCommand">
      <UniqueIdentifier>{8ece2ab4-b216-4ba6-a319-8d3010e641a2}</UniqueIdentifier>
    </Filter>
    <Filter Include="Dialog">
      <UniqueIdentifier>{d23cf678-51ea-4602-9082-76c5168974e0}</UniqueIdentifier>
    </Filter>
    <Filter Include="Button">
      <UniqueIdentifier>{d328b188-2be0-4e65-abf1-0dbc34f5f203}</UniqueIdentifier>
    </Filter>
    <Filter Include="ScriptCommand\Wait">
      <UniqueIdentifier>{e89411bc-9ba1-4861-97a9-4e72b0238b87}</UniqueIdentifier>
    </Filter>
    <Filter Include="ScriptCommand\Say">
      <UniqueIdentifier>{a0756e4d-451f-4f59-9a5b-57a315e5d362}</UniqueIdentifier>
    </Filter>
    <Filter Include="ScriptCommand\Sound">
      <UniqueIdentifier>{34a4ed29-e691-4a56-b56e-4fb265ee4b1b}</UniqueIdentifier>
    </Filter>
    <Filter Include="ScriptCommand\Load">
      <UniqueIdentifier>{33a869c4-a8cf-47af-976d-827219e88ce4}</UniqueIdentifier>
    </Filter>
    <Filter Include="ScriptCommand\Ani">
      <UniqueIdentifier>{cc690e12-f163-4fe6-90ae-afa9d49de87e}</UniqueIdentifier>
    </Filter>
    <Filter Include="ScriptCommand\Choice">
      <UniqueIdentifier>{fe63621b-e05a-459f-b6c3-cc7ca03c041b}</UniqueIdentifier>
    </Filter>
    <Filter Include="ScriptCommand\Guest">
      <UniqueIdentifier>{c0976942-c6c9-4180-bb2c-a23ae5264a97}</UniqueIdentifier>
    </Filter>
    <Filter Include="ScriptCommand\Radio">
      <UniqueIdentifier>{00c0b71f-3ff2-4729-94f9-4fdeff0e7fef}</UniqueIdentifier>
    </Filter>
    <Filter Include="Scene\EndingScene">
      <UniqueIdentifier>{acf46d88-e610-4f9a-8570-45764deb0259}</UniqueIdentifier>
    </Filter>
  </ItemGroup>
</Project>